
Microsoft Visual Studio Solution File, Format Version 12.00
# Visual Studio Version 16
VisualStudioVersion = 16.0.30717.126
MinimumVisualStudioVersion = 10.0.40219.1
Project("{9A19103F-16F7-4668-BE54-9A1E7A4F7556}") = "ecommerce-web-app", "ecommerce-web-app\ecommerce-web-app.csproj", "{9F5E3DB2-CD32-4E58-A8CF-A30C4110C7C1}"
EndProject
Project("{FAE04EC0-301F-11D3-BF4B-00C04F79EFBC}") = "ecommerce-item-api", "ecommerce-item-api\ecommerce-item-api.csproj", "{380616DC-CAA0-4CDD-93A4-04D189ECD828}"
EndProject
Project("{FAE04EC0-301F-11D3-BF4B-00C04F79EFBC}") = "ecommerce-cart-api", "ecommerce-cart-api\ecommerce-cart-api.csproj", "{B9903068-8666-49F8-BB06-64452231884D}"
EndProject
Global
	GlobalSection(SolutionConfigurationPlatforms) = preSolution
		Debug|Any CPU = Debug|Any CPU
		Release|Any CPU = Release|Any CPU
	EndGlobalSection
	GlobalSection(ProjectConfigurationPlatforms) = postSolution
		{9F5E3DB2-CD32-4E58-A8CF-A30C4110C7C1}.Debug|Any CPU.ActiveCfg = Debug|Any CPU
		{9F5E3DB2-CD32-4E58-A8CF-A30C4110C7C1}.Debug|Any CPU.Build.0 = Debug|Any CPU
		{9F5E3DB2-CD32-4E58-A8CF-A30C4110C7C1}.Release|Any CPU.ActiveCfg = Release|Any CPU
		{9F5E3DB2-CD32-4E58-A8CF-A30C4110C7C1}.Release|Any CPU.Build.0 = Release|Any CPU
		{380616DC-CAA0-4CDD-93A4-04D189ECD828}.Debug|Any CPU.ActiveCfg = Debug|Any CPU
		{380616DC-CAA0-4CDD-93A4-04D189ECD828}.Debug|Any CPU.Build.0 = Debug|Any CPU
		{380616DC-CAA0-4CDD-93A4-04D189ECD828}.Release|Any CPU.ActiveCfg = Release|Any CPU
		{380616DC-CAA0-4CDD-93A4-04D189ECD828}.Release|Any CPU.Build.0 = Release|Any CPU
		{B9903068-8666-49F8-BB06-64452231884D}.Debug|Any CPU.ActiveCfg = Debug|Any CPU
		{B9903068-8666-49F8-BB06-64452231884D}.Debug|Any CPU.Build.0 = Debug|Any CPU
		{B9903068-8666-49F8-BB06-64452231884D}.Release|Any CPU.ActiveCfg = Release|Any CPU
		{B9903068-8666-49F8-BB06-64452231884D}.Release|Any CPU.Build.0 = Release|Any CPU
	EndGlobalSection
	GlobalSection(SolutionProperties) = preSolution
		HideSolutionNode = FALSE
	EndGlobalSection
	GlobalSection(ExtensibilityGlobals) = postSolution
		SolutionGuid = {B5BB4C20-26EC-4C94-9EF8-AD262E78B25C}
	EndGlobalSection
EndGlobal
